{
  "object": {
    "pins": [
      {
        "package": "JavaScriptKit",
        "repositoryURL": "https://github.com/kateinoigakukun/JavaScriptKit.git",
        "state": {
          "branch": "ed31b42",
          "revision": "ed31b42e4fa14f332a01a50a30c7712cff56cfbd",
          "version": null
        }
      }
    ]
  },
  "version": 1
}
